{
  "name": "@dep-policy-fixture/root",
  "version": "1.0.0",
  "lockfileVersion": 3,
  "requires": true,
  "packages": {
    "": {
      "name": "@dep-policy-fixture/root",
      "version": "1.0.0",
      "private": true,
      "dependencies": {
        "@dep-policy-fixture/a": "1.0.0",
        "@dep-policy-fixture/b": "1.0.0",
        "@dep-policy-fixture/fresh": "1.0.0"
      }
    },
    "node_modules/@dep-policy-fixture/a": {
      "version": "1.0.0",
      "resolved": "https://registry.npmjs.org/@dep-policy-fixture/a/-/a-1.0.0.tgz",
      "dependencies": {
        "minimist": "1.2.8"
      }
    },
    "node_modules/@dep-policy-fixture/b": {
      "version": "1.0.0",
      "resolved": "https://registry.npmjs.org/@dep-policy-fixture/b/-/b-1.0.0.tgz",
      "dependencies": {
        "minimist": "1.2.8"
      }
    },
    "node_modules/minimist": {
      "version": "1.2.8",
      "resolved": "https://registry.npmjs.org/minimist/-/minimist-1.2.8.tgz"
    },
    "node_modules/@dep-policy-fixture/fresh": {
      "version": "1.0.0",
      "resolved": "https://registry.npmjs.org/@dep-policy-fixture/fresh/-/fresh-1.0.0.tgz"
    }
  }
}
