{
  "name": "@dep-policy-fixture/root",
  "version": "1.0.0",
  "lockfileVersion": 3,
  "requires": true,
  "packages": {
    "": {
      "name": "@dep-policy-fixture/root",
      "version": "1.0.0",
      "private": true,
      "dependencies": {
        "@dep-policy-fixture/b": "1.0.0"
      }
    },
    "node_modules/@dep-policy-fixture/b": {
      "version": "1.0.0",
      "resolved": "https://registry.npmjs.org/@dep-policy-fixture/b/-/b-1.0.0.tgz"
    }
  }
}
